// !$*UTF8*$!
{
	archiveVersion = 1;
	classes = {
	};
	objectVersion = 50;
	objects = {

/* Begin PBXBuildFile section */
		CD26348322452788003EBD40 /* AppDelegate.swift in Sources */ = {isa = PBXBuildFile; fileRef = CD26348222452788003EBD40 /* AppDelegate.swift */; };
		CD26348522452788003EBD40 /* ViewController.swift in Sources */ = {isa = PBXBuildFile; fileRef = CD26348422452788003EBD40 /* ViewController.swift */; };
		CD26348822452788003EBD40 /* Main.storyboard in Resources */ = {isa = PBXBuildFile; fileRef = CD26348622452788003EBD40 /* Main.storyboard */; };
		CD26348A22452789003EBD40 /* Assets.xcassets in Resources */ = {isa = PBXBuildFile; fileRef = CD26348922452789003EBD40 /* Assets.xcassets */; };
		CD26348D2245278A003EBD40 /* LaunchScreen.storyboard in Resources */ = {isa = PBXBuildFile; fileRef = CD26348B2245278A003EBD40 /* LaunchScreen.storyboard */; };
		CD8B29602248EEB100E3B900 /* MorseCodePlayerDelegateProtocol.swift in Sources */ = {isa = PBXBuildFile; fileRef = CD8B295F2248EEB100E3B900 /* MorseCodePlayerDelegateProtocol.swift */; };
		CD8B29622248EFB700E3B900 /* MorsePlayerViewController.swift in Sources */ = {isa = PBXBuildFile; fileRef = CD8B29612248EFB700E3B900 /* MorsePlayerViewController.swift */; };
		CDD6CFAE2246E3D600DD016A /* ToneOutputUnit.swift in Sources */ = {isa = PBXBuildFile; fileRef = CDD6CFAD2246E3D600DD016A /* ToneOutputUnit.swift */; };
		CDD6CFB22246EAC500DD016A /* SignalPlayer.swift in Sources */ = {isa = PBXBuildFile; fileRef = CDD6CFAF2246EAC500DD016A /* SignalPlayer.swift */; };
		CDD6CFB42246EAC500DD016A /* MorseTransmissionScheduler.swift in Sources */ = {isa = PBXBuildFile; fileRef = CDD6CFB12246EAC500DD016A /* MorseTransmissionScheduler.swift */; };
		CDE2711C22452AB5002F8F21 /* Symbol.swift in Sources */ = {isa = PBXBuildFile; fileRef = CDE2711422452AB4002F8F21 /* Symbol.swift */; };
		CDE2711D22452AB5002F8F21 /* Word.swift in Sources */ = {isa = PBXBuildFile; fileRef = CDE2711522452AB5002F8F21 /* Word.swift */; };
		CDE2711E22452AB5002F8F21 /* Message.swift in Sources */ = {isa = PBXBuildFile; fileRef = CDE2711622452AB5002F8F21 /* Message.swift */; };
		CDE2711F22452AB5002F8F21 /* Signal.swift in Sources */ = {isa = PBXBuildFile; fileRef = CDE2711722452AB5002F8F21 /* Signal.swift */; };
		CDE2712022452AB5002F8F21 /* Mark.swift in Sources */ = {isa = PBXBuildFile; fileRef = CDE2711822452AB5002F8F21 /* Mark.swift */; };
		CDE2712122452AB5002F8F21 /* MessageValidator.swift in Sources */ = {isa = PBXBuildFile; fileRef = CDE2711922452AB5002F8F21 /* MessageValidator.swift */; };
		CDE2712222452AB5002F8F21 /* DataLoader.swift in Sources */ = {isa = PBXBuildFile; fileRef = CDE2711A22452AB5002F8F21 /* DataLoader.swift */; };
		CDE2712322452AB5002F8F21 /* morse.json in Resources */ = {isa = PBXBuildFile; fileRef = CDE2711B22452AB5002F8F21 /* morse.json */; };
		CDE2712722452AD5002F8F21 /* WordEncoder.swift in Sources */ = {isa = PBXBuildFile; fileRef = CDE2712422452AD5002F8F21 /* WordEncoder.swift */; };
		CDE2712822452AD5002F8F21 /* MessageEncoder.swift in Sources */ = {isa = PBXBuildFile; fileRef = CDE2712522452AD5002F8F21 /* MessageEncoder.swift */; };
		CDE2712922452AD5002F8F21 /* SymbolEncoder.swift in Sources */ = {isa = PBXBuildFile; fileRef = CDE2712622452AD5002F8F21 /* SymbolEncoder.swift */; };
		CDE2712B22452B1A002F8F21 /* MessageCleaner.swift in Sources */ = {isa = PBXBuildFile; fileRef = CDE2712A22452B1A002F8F21 /* MessageCleaner.swift */; };
/* End PBXBuildFile section */

/* Begin PBXFileReference section */
		CD26347F22452788003EBD40 /* SendMorseCode.app */ = {isa = PBXFileReference; explicitFileType = wrapper.application; includeInIndex = 0; path = SendMorseCode.app; sourceTree = BUILT_PRODUCTS_DIR; };
		CD26348222452788003EBD40 /* AppDelegate.swift */ = {isa = PBXFileReference; lastKnownFileType = sourcecode.swift; path = AppDelegate.swift; sourceTree = "<group>"; };
		CD26348422452788003EBD40 /* ViewController.swift */ = {isa = PBXFileReference; lastKnownFileType = sourcecode.swift; path = ViewController.swift; sourceTree = "<group>"; };
		CD26348722452788003EBD40 /* Base */ = {isa = PBXFileReference; lastKnownFileType = file.storyboard; name = Base; path = Base.lproj/Main.storyboard; sourceTree = "<group>"; };
		CD26348922452789003EBD40 /* Assets.xcassets */ = {isa = PBXFileReference; lastKnownFileType = folder.assetcatalog; path = Assets.xcassets; sourceTree = "<group>"; };
		CD26348C2245278A003EBD40 /* Base */ = {isa = PBXFileReference; lastKnownFileType = file.storyboard; name = Base; path = Base.lproj/LaunchScreen.storyboard; sourceTree = "<group>"; };
		CD26348E2245278A003EBD40 /* Info.plist */ = {isa = PBXFileReference; lastKnownFileType = text.plist.xml; path = Info.plist; sourceTree = "<group>"; };
		CD8B295F2248EEB100E3B900 /* MorseCodePlayerDelegateProtocol.swift */ = {isa = PBXFileReference; fileEncoding = 4; lastKnownFileType = sourcecode.swift; path = MorseCodePlayerDelegateProtocol.swift; sourceTree = "<group>"; };
		CD8B29612248EFB700E3B900 /* MorsePlayerViewController.swift */ = {isa = PBXFileReference; fileEncoding = 4; lastKnownFileType = sourcecode.swift; path = MorsePlayerViewController.swift; sourceTree = "<group>"; };
		CDD6CFAD2246E3D600DD016A /* ToneOutputUnit.swift */ = {isa = PBXFileReference; lastKnownFileType = sourcecode.swift; name = ToneOutputUnit.swift; path = /Users/jhj/Development/IOS_Course/SendMorseCode/SendMorseCode/ToneOutputUnit.swift; sourceTree = "<absolute>"; };
		CDD6CFAF2246EAC500DD016A /* SignalPlayer.swift */ = {isa = PBXFileReference; fileEncoding = 4; lastKnownFileType = sourcecode.swift; path = SignalPlayer.swift; sourceTree = "<group>"; };
		CDD6CFB12246EAC500DD016A /* MorseTransmissionScheduler.swift */ = {isa = PBXFileReference; fileEncoding = 4; lastKnownFileType = sourcecode.swift; path = MorseTransmissionScheduler.swift; sourceTree = "<group>"; };
		CDE2711422452AB4002F8F21 /* Symbol.swift */ = {isa = PBXFileReference; fileEncoding = 4; lastKnownFileType = sourcecode.swift; path = Symbol.swift; sourceTree = "<group>"; };
		CDE2711522452AB5002F8F21 /* Word.swift */ = {isa = PBXFileReference; fileEncoding = 4; lastKnownFileType = sourcecode.swift; path = Word.swift; sourceTree = "<group>"; };
		CDE2711622452AB5002F8F21 /* Message.swift */ = {isa = PBXFileReference; fileEncoding = 4; lastKnownFileType = sourcecode.swift; path = Message.swift; sourceTree = "<group>"; };
		CDE2711722452AB5002F8F21 /* Signal.swift */ = {isa = PBXFileReference; fileEncoding = 4; lastKnownFileType = sourcecode.swift; path = Signal.swift; sourceTree = "<group>"; };
		CDE2711822452AB5002F8F21 /* Mark.swift */ = {isa = PBXFileReference; fileEncoding = 4; lastKnownFileType = sourcecode.swift; path = Mark.swift; sourceTree = "<group>"; };
		CDE2711922452AB5002F8F21 /* MessageValidator.swift */ = {isa = PBXFileReference; fileEncoding = 4; lastKnownFileType = sourcecode.swift; path = MessageValidator.swift; sourceTree = "<group>"; };
		CDE2711A22452AB5002F8F21 /* DataLoader.swift */ = {isa = PBXFileReference; fileEncoding = 4; lastKnownFileType = sourcecode.swift; path = DataLoader.swift; sourceTree = "<group>"; };
		CDE2711B22452AB5002F8F21 /* morse.json */ = {isa = PBXFileReference; fileEncoding = 4; lastKnownFileType = text.json; path = morse.json; sourceTree = "<group>"; };
		CDE2712422452AD5002F8F21 /* WordEncoder.swift */ = {isa = PBXFileReference; fileEncoding = 4; lastKnownFileType = sourcecode.swift; path = WordEncoder.swift; sourceTree = "<group>"; };
		CDE2712522452AD5002F8F21 /* MessageEncoder.swift */ = {isa = PBXFileReference; fileEncoding = 4; lastKnownFileType = sourcecode.swift; path = MessageEncoder.swift; sourceTree = "<group>"; };
		CDE2712622452AD5002F8F21 /* SymbolEncoder.swift */ = {isa = PBXFileReference; fileEncoding = 4; lastKnownFileType = sourcecode.swift; path = SymbolEncoder.swift; sourceTree = "<group>"; };
		CDE2712A22452B1A002F8F21 /* MessageCleaner.swift */ = {isa = PBXFileReference; fileEncoding = 4; lastKnownFileType = sourcecode.swift; path = MessageCleaner.swift; sourceTree = "<group>"; };
/* End PBXFileReference section */

/* Begin PBXFrameworksBuildPhase section */
		CD26347C22452788003EBD40 /* Frameworks */ = {
			isa = PBXFrameworksBuildPhase;
			buildActionMask = 2147483647;
			files = (
			);
			runOnlyForDeploymentPostprocessing = 0;
		};
/* End PBXFrameworksBuildPhase section */

/* Begin PBXGroup section */
		CD26347622452788003EBD40 = {
			isa = PBXGroup;
			children = (
				CD26348122452788003EBD40 /* SendMorseCode */,
				CD26348022452788003EBD40 /* Products */,
			);
			sourceTree = "<group>";
		};
		CD26348022452788003EBD40 /* Products */ = {
			isa = PBXGroup;
			children = (
				CD26347F22452788003EBD40 /* SendMorseCode.app */,
			);
			name = Products;
			sourceTree = "<group>";
		};
		CD26348122452788003EBD40 /* SendMorseCode */ = {
			isa = PBXGroup;
			children = (
				CDD6CFB12246EAC500DD016A /* MorseTransmissionScheduler.swift */,
				CD8B295F2248EEB100E3B900 /* MorseCodePlayerDelegateProtocol.swift */,
				CDD6CFAF2246EAC500DD016A /* SignalPlayer.swift */,
				CDD6CFAD2246E3D600DD016A /* ToneOutputUnit.swift */,
				CDE27113224528A7002F8F21 /* Encoders */,
				CDE2711222452897002F8F21 /* Model */,
				CD26348222452788003EBD40 /* AppDelegate.swift */,
				CD26348422452788003EBD40 /* ViewController.swift */,
				CD8B29612248EFB700E3B900 /* MorsePlayerViewController.swift */,
				CD26348622452788003EBD40 /* Main.storyboard */,
				CD26348922452789003EBD40 /* Assets.xcassets */,
				CD26348B2245278A003EBD40 /* LaunchScreen.storyboard */,
				CD26348E2245278A003EBD40 /* Info.plist */,
			);
			path = SendMorseCode;
			sourceTree = "<group>";
		};
		CDE2711222452897002F8F21 /* Model */ = {
			isa = PBXGroup;
			children = (
				CDE2711A22452AB5002F8F21 /* DataLoader.swift */,
				CDE2711822452AB5002F8F21 /* Mark.swift */,
				CDE2711622452AB5002F8F21 /* Message.swift */,
				CDE2711922452AB5002F8F21 /* MessageValidator.swift */,
				CDE2711B22452AB5002F8F21 /* morse.json */,
				CDE2711722452AB5002F8F21 /* Signal.swift */,
				CDE2711422452AB4002F8F21 /* Symbol.swift */,
				CDE2711522452AB5002F8F21 /* Word.swift */,
			);
			path = Model;
			sourceTree = "<group>";
		};
		CDE27113224528A7002F8F21 /* Encoders */ = {
			isa = PBXGroup;
			children = (
				CDE2712A22452B1A002F8F21 /* MessageCleaner.swift */,
				CDE2712522452AD5002F8F21 /* MessageEncoder.swift */,
				CDE2712622452AD5002F8F21 /* SymbolEncoder.swift */,
				CDE2712422452AD5002F8F21 /* WordEncoder.swift */,
			);
			path = Encoders;
			sourceTree = "<group>";
		};
/* End PBXGroup section */

/* Begin PBXNativeTarget section */
		CD26347E22452788003EBD40 /* SendMorseCode */ = {
			isa = PBXNativeTarget;
			buildConfigurationList = CD2634912245278A003EBD40 /* Build configuration list for PBXNativeTarget "SendMorseCode" */;
			buildPhases = (
				CD26347B22452788003EBD40 /* Sources */,
				CD26347C22452788003EBD40 /* Frameworks */,
				CD26347D22452788003EBD40 /* Resources */,
			);
			buildRules = (
			);
			dependencies = (
			);
			name = SendMorseCode;
			productName = SendMorseCode;
			productReference = CD26347F22452788003EBD40 /* SendMorseCode.app */;
			productType = "com.apple.product-type.application";
		};
/* End PBXNativeTarget section */

/* Begin PBXProject section */
		CD26347722452788003EBD40 /* Project object */ = {
			isa = PBXProject;
			attributes = {
				LastSwiftUpdateCheck = 1010;
				LastUpgradeCheck = 1010;
				ORGANIZATIONNAME = "John James";
				TargetAttributes = {
					CD26347E22452788003EBD40 = {
						CreatedOnToolsVersion = 10.1;
					};
				};
			};
			buildConfigurationList = CD26347A22452788003EBD40 /* Build configuration list for PBXProject "SendMorseCode" */;
			compatibilityVersion = "Xcode 9.3";
			developmentRegion = en;
			hasScannedForEncodings = 0;
			knownRegions = (
				en,
				Base,
			);
			mainGroup = CD26347622452788003EBD40;
			productRefGroup = CD26348022452788003EBD40 /* Products */;
			projectDirPath = "";
			projectRoot = "";
			targets = (
				CD26347E22452788003EBD40 /* SendMorseCode */,
			);
		};
/* End PBXProject section */

/* Begin PBXResourcesBuildPhase section */
		CD26347D22452788003EBD40 /* Resources */ = {
			isa = PBXResourcesBuildPhase;
			buildActionMask = 2147483647;
			files = (
				CDE2712322452AB5002F8F21 /* morse.json in Resources */,
				CD26348D2245278A003EBD40 /* LaunchScreen.storyboard in Resources */,
				CD26348A22452789003EBD40 /* Assets.xcassets in Resources */,
				CD26348822452788003EBD40 /* Main.storyboard in Resources */,
			);
			runOnlyForDeploymentPostprocessing = 0;
		};
/* End PBXResourcesBuildPhase section */

/* Begin PBXSourcesBuildPhase section */
		CD26347B22452788003EBD40 /* Sources */ = {
			isa = PBXSourcesBuildPhase;
			buildActionMask = 2147483647;
			files = (
				CDE2712922452AD5002F8F21 /* SymbolEncoder.swift in Sources */,
				CD26348522452788003EBD40 /* ViewController.swift in Sources */,
				CDE2711F22452AB5002F8F21 /* Signal.swift in Sources */,
				CDE2711D22452AB5002F8F21 /* Word.swift in Sources */,
				CD8B29602248EEB100E3B900 /* MorseCodePlayerDelegateProtocol.swift in Sources */,
				CDD6CFB22246EAC500DD016A /* SignalPlayer.swift in Sources */,
				CDD6CFB42246EAC500DD016A /* MorseTransmissionScheduler.swift in Sources */,
				CDD6CFAE2246E3D600DD016A /* ToneOutputUnit.swift in Sources */,
				CDE2712822452AD5002F8F21 /* MessageEncoder.swift in Sources */,
				CDE2712B22452B1A002F8F21 /* MessageCleaner.swift in Sources */,
				CDE2712022452AB5002F8F21 /* Mark.swift in Sources */,
				CDE2712122452AB5002F8F21 /* MessageValidator.swift in Sources */,
				CD8B29622248EFB700E3B900 /* MorsePlayerViewController.swift in Sources */,
				CDE2711E22452AB5002F8F21 /* Message.swift in Sources */,
				CD26348322452788003EBD40 /* AppDelegate.swift in Sources */,
				CDE2711C22452AB5002F8F21 /* Symbol.swift in Sources */,
				CDE2712722452AD5002F8F21 /* WordEncoder.swift in Sources */,
				CDE2712222452AB5002F8F21 /* DataLoader.swift in Sources */,
			);
			runOnlyForDeploymentPostprocessing = 0;
		};
/* End PBXSourcesBuildPhase section */

/* Begin PBXVariantGroup section */
		CD26348622452788003EBD40 /* Main.storyboard */ = {
			isa = PBXVariantGroup;
			children = (
				CD26348722452788003EBD40 /* Base */,
			);
			name = Main.storyboard;
			sourceTree = "<group>";
		};
		CD26348B2245278A003EBD40 /* LaunchScreen.storyboard */ = {
			isa = PBXVariantGroup;
			children = (
				CD26348C2245278A003EBD40 /* Base */,
			);
			name = LaunchScreen.storyboard;
			sourceTree = "<group>";
		};
/* End PBXVariantGroup section */

/* Begin XCBuildConfiguration section */
		CD26348F2245278A003EBD40 /* Debug */ = {
			isa = XCBuildConfiguration;
			buildSettings = {
				ALWAYS_SEARCH_USER_PATHS = NO;
				CLANG_ANALYZER_NONNULL = YES;
				CLANG_ANALYZER_NUMBER_OBJECT_CONVERSION = YES_AGGRESSIVE;
				CLANG_CXX_LANGUAGE_STANDARD = "gnu++14";
				CLANG_CXX_LIBRARY = "libc++";
				CLANG_ENABLE_MODULES = YES;
				CLANG_ENABLE_OBJC_ARC = YES;
				CLANG_ENABLE_OBJC_WEAK = YES;
				CLANG_WARN_BLOCK_CAPTURE_AUTORELEASING = YES;
				CLANG_WARN_BOOL_CONVERSION = YES;
				CLANG_WARN_COMMA = YES;
				CLANG_WARN_CONSTANT_CONVERSION = YES;
				CLANG_WARN_DEPRECATED_OBJC_IMPLEMENTATIONS = YES;
				CLANG_WARN_DIRECT_OBJC_ISA_USAGE = YES_ERROR;
				CLANG_WARN_DOCUMENTATION_COMMENTS = YES;
				CLANG_WARN_EMPTY_BODY = YES;
				CLANG_WARN_ENUM_CONVERSION = YES;
				CLANG_WARN_INFINITE_RECURSION = YES;
				CLANG_WARN_INT_CONVERSION = YES;
				CLANG_WARN_NON_LITERAL_NULL_CONVERSION = YES;
				CLANG_WARN_OBJC_IMPLICIT_RETAIN_SELF = YES;
				CLANG_WARN_OBJC_LITERAL_CONVERSION = YES;
				CLANG_WARN_OBJC_ROOT_CLASS = YES_ERROR;
				CLANG_WARN_RANGE_LOOP_ANALYSIS = YES;
				CLANG_WARN_STRICT_PROTOTYPES = YES;
				CLANG_WARN_SUSPICIOUS_MOVE = YES;
				CLANG_WARN_UNGUARDED_AVAILABILITY = YES_AGGRESSIVE;
				CLANG_WARN_UNREACHABLE_CODE = YES;
				CLANG_WARN__DUPLICATE_METHOD_MATCH = YES;
				CODE_SIGN_IDENTITY = "iPhone Developer";
				COPY_PHASE_STRIP = NO;
				DEBUG_INFORMATION_FORMAT = dwarf;
				ENABLE_STRICT_OBJC_MSGSEND = YES;
				ENABLE_TESTABILITY = YES;
				GCC_C_LANGUAGE_STANDARD = gnu11;
				GCC_DYNAMIC_NO_PIC = NO;
				GCC_NO_COMMON_BLOCKS = YES;
				GCC_OPTIMIZATION_LEVEL = 0;
				GCC_PREPROCESSOR_DEFINITIONS = (
					"DEBUG=1",
					"$(inherited)",
				);
				GCC_WARN_64_TO_32_BIT_CONVERSION = YES;
				GCC_WARN_ABOUT_RETURN_TYPE = YES_ERROR;
				GCC_WARN_UNDECLARED_SELECTOR = YES;
				GCC_WARN_UNINITIALIZED_AUTOS = YES_AGGRESSIVE;
				GCC_WARN_UNUSED_FUNCTION = YES;
				GCC_WARN_UNUSED_VARIABLE = YES;
				IPHONEOS_DEPLOYMENT_TARGET = 12.1;
				MTL_ENABLE_DEBUG_INFO = INCLUDE_SOURCE;
				MTL_FAST_MATH = YES;
				ONLY_ACTIVE_ARCH = YES;
				SDKROOT = iphoneos;
				SWIFT_ACTIVE_COMPILATION_CONDITIONS = DEBUG;
				SWIFT_OPTIMIZATION_LEVEL = "-Onone";
			};
			name = Debug;
		};
		CD2634902245278A003EBD40 /* Release */ = {
			isa = XCBuildConfiguration;
			buildSettings = {
				ALWAYS_SEARCH_USER_PATHS = NO;
				CLANG_ANALYZER_NONNULL = YES;
				CLANG_ANALYZER_NUMBER_OBJECT_CONVERSION = YES_AGGRESSIVE;
				CLANG_CXX_LANGUAGE_STANDARD = "gnu++14";
				CLANG_CXX_LIBRARY = "libc++";
				CLANG_ENABLE_MODULES = YES;
				CLANG_ENABLE_OBJC_ARC = YES;
				CLANG_ENABLE_OBJC_WEAK = YES;
				CLANG_WARN_BLOCK_CAPTURE_AUTORELEASING = YES;
				CLANG_WARN_BOOL_CONVERSION = YES;
				CLANG_WARN_COMMA = YES;
				CLANG_WARN_CONSTANT_CONVERSION = YES;
				CLANG_WARN_DEPRECATED_OBJC_IMPLEMENTATIONS = YES;
				CLANG_WARN_DIRECT_OBJC_ISA_USAGE = YES_ERROR;
				CLANG_WARN_DOCUMENTATION_COMMENTS = YES;
				CLANG_WARN_EMPTY_BODY = YES;
				CLANG_WARN_ENUM_CONVERSION = YES;
				CLANG_WARN_INFINITE_RECURSION = YES;
				CLANG_WARN_INT_CONVERSION = YES;
				CLANG_WARN_NON_LITERAL_NULL_CONVERSION = YES;
				CLANG_WARN_OBJC_IMPLICIT_RETAIN_SELF = YES;
				CLANG_WARN_OBJC_LITERAL_CONVERSION = YES;
				CLANG_WARN_OBJC_ROOT_CLASS = YES_ERROR;
				CLANG_WARN_RANGE_LOOP_ANALYSIS = YES;
				CLANG_WARN_STRICT_PROTOTYPES = YES;
				CLANG_WARN_SUSPICIOUS_MOVE = YES;
				CLANG_WARN_UNGUARDED_AVAILABILITY = YES_AGGRESSIVE;
				CLANG_WARN_UNREACHABLE_CODE = YES;
				CLANG_WARN__DUPLICATE_METHOD_MATCH = YES;
				CODE_SIGN_IDENTITY = "iPhone Developer";
				COPY_PHASE_STRIP = NO;
				DEBUG_INFORMATION_FORMAT = "dwarf-with-dsym";
				ENABLE_NS_ASSERTIONS = NO;
				ENABLE_STRICT_OBJC_MSGSEND = YES;
				GCC_C_LANGUAGE_STANDARD = gnu11;
				GCC_NO_COMMON_BLOCKS = YES;
				GCC_WARN_64_TO_32_BIT_CONVERSION = YES;
				GCC_WARN_ABOUT_RETURN_TYPE = YES_ERROR;
				GCC_WARN_UNDECLARED_SELECTOR = YES;
				GCC_WARN_UNINITIALIZED_AUTOS = YES_AGGRESSIVE;
				GCC_WARN_UNUSED_FUNCTION = YES;
				GCC_WARN_UNUSED_VARIABLE = YES;
				IPHONEOS_DEPLOYMENT_TARGET = 12.1;
				MTL_ENABLE_DEBUG_INFO = NO;
				MTL_FAST_MATH = YES;
				SDKROOT = iphoneos;
				SWIFT_COMPILATION_MODE = wholemodule;
				SWIFT_OPTIMIZATION_LEVEL = "-O";
				VALIDATE_PRODUCT = YES;
			};
			name = Release;
		};
		CD2634922245278A003EBD40 /* Debug */ = {
			isa = XCBuildConfiguration;
			buildSettings = {
				ASSETCATALOG_COMPILER_APPICON_NAME = AppIcon;
				CODE_SIGN_STYLE = Automatic;
				DEVELOPMENT_TEAM = BVE2NUV266;
				INFOPLIST_FILE = SendMorseCode/Info.plist;
				LD_RUNPATH_SEARCH_PATHS = (
					"$(inherited)",
					"@executable_path/Frameworks",
				);
				PRODUCT_BUNDLE_IDENTIFIER = com.UnmaskedEMU.james01741.SendMorseCode;
				PRODUCT_NAME = "$(TARGET_NAME)";
				SWIFT_ENABLE_BATCH_MODE = "";
				"SWIFT_ENABLE_BATCH_MODE[arch=*]" = NO;
				SWIFT_VERSION = 4.2;
				TARGETED_DEVICE_FAMILY = "1,2";
			};
			name = Debug;
		};
		CD2634932245278A003EBD40 /* Release */ = {
			isa = XCBuildConfiguration;
			buildSettings = {
				ASSETCATALOG_COMPILER_APPICON_NAME = AppIcon;
				CODE_SIGN_STYLE = Automatic;
				DEVELOPMENT_TEAM = BVE2NUV266;
				INFOPLIST_FILE = SendMorseCode/Info.plist;
				LD_RUNPATH_SEARCH_PATHS = (
					"$(inherited)",
					"@executable_path/Frameworks",
				);
				PRODUCT_BUNDLE_IDENTIFIER = com.UnmaskedEMU.james01741.SendMorseCode;
				PRODUCT_NAME = "$(TARGET_NAME)";
				SWIFT_ENABLE_BATCH_MODE = "";
				"SWIFT_ENABLE_BATCH_MODE[arch=*]" = NO;
				SWIFT_VERSION = 4.2;
				TARGETED_DEVICE_FAMILY = "1,2";
			};
			name = Release;
		};
/* End XCBuildConfiguration section */

/* Begin XCConfigurationList section */
		CD26347A22452788003EBD40 /* Build configuration list for PBXProject "SendMorseCode" */ = {
			isa = XCConfigurationList;
			buildConfigurations = (
				CD26348F2245278A003EBD40 /* Debug */,
				CD2634902245278A003EBD40 /* Release */,
			);
			defaultConfigurationIsVisible = 0;
			defaultConfigurationName = Release;
		};
		CD2634912245278A003EBD40 /* Build configuration list for PBXNativeTarget "SendMorseCode" */ = {
			isa = XCConfigurationList;
			buildConfigurations = (
				CD2634922245278A003EBD40 /* Debug */,
				CD2634932245278A003EBD40 /* Release */,
			);
			defaultConfigurationIsVisible = 0;
			defaultConfigurationName = Release;
		};
/* End XCConfigurationList section */
	};
	rootObject = CD26347722452788003EBD40 /* Project object */;
}
